
Microsoft Visual Studio Solution File, Format Version 12.00
# Visual Studio Version 17
VisualStudioVersion = 17.5.002.0
MinimumVisualStudioVersion = 10.0.40219.1
Project("{9A19103F-16F7-4668-BE54-9A1E7A4F7556}") = "test_pro", "test_pro\test_pro.csproj", "{2FC337A0-04CE-4543-B019-264AFB0D3ED6}"
EndProject
Project("{FAE04EC0-301F-11D3-BF4B-00C04F79EFBC}") = "Calc_aplication", "Calc_aplication\Calc_aplication.csproj", "{BDC4A81A-31BB-48C7-BD35-412AE6871798}"
EndProject
Global
	GlobalSection(SolutionConfigurationPlatforms) = preSolution
		Debug|Any CPU = Debug|Any CPU
		Release|Any CPU = Release|Any CPU
	EndGlobalSection
	GlobalSection(ProjectConfigurationPlatforms) = postSolution
		{2FC337A0-04CE-4543-B019-264AFB0D3ED6}.Debug|Any CPU.ActiveCfg = Debug|Any CPU
		{2FC337A0-04CE-4543-B019-264AFB0D3ED6}.Debug|Any CPU.Build.0 = Debug|Any CPU
		{2FC337A0-04CE-4543-B019-264AFB0D3ED6}.Release|Any CPU.ActiveCfg = Release|Any CPU
		{2FC337A0-04CE-4543-B019-264AFB0D3ED6}.Release|Any CPU.Build.0 = Release|Any CPU
		{BDC4A81A-31BB-48C7-BD35-412AE6871798}.Debug|Any CPU.ActiveCfg = Debug|Any CPU
		{BDC4A81A-31BB-48C7-BD35-412AE6871798}.Debug|Any CPU.Build.0 = Debug|Any CPU
		{BDC4A81A-31BB-48C7-BD35-412AE6871798}.Release|Any CPU.ActiveCfg = Release|Any CPU
		{BDC4A81A-31BB-48C7-BD35-412AE6871798}.Release|Any CPU.Build.0 = Release|Any CPU
	EndGlobalSection
	GlobalSection(SolutionProperties) = preSolution
		HideSolutionNode = FALSE
	EndGlobalSection
	GlobalSection(ExtensibilityGlobals) = postSolution
		SolutionGuid = {BC4B46E2-8B66-49CD-BBE0-94D271D0234A}
	EndGlobalSection
EndGlobal
