
Microsoft Visual Studio Solution File, Format Version 12.00
# Visual Studio Version 17
VisualStudioVersion = 17.9.34728.123
MinimumVisualStudioVersion = 10.0.40219.1
Project("{FAE04EC0-301F-11D3-BF4B-00C04F79EFBC}") = "Translator_GoltsevNS_2bITC3", "Translator_GoltsevNS_2bITC3.csproj", "{4E648F58-10AC-4DBE-90F5-30048FA79A69}"
EndProject
Global
	GlobalSection(SolutionConfigurationPlatforms) = preSolution
		Debug|Any CPU = Debug|Any CPU
		Release|Any CPU = Release|Any CPU
	EndGlobalSection
	GlobalSection(ProjectConfigurationPlatforms) = postSolution
		{4E648F58-10AC-4DBE-90F5-30048FA79A69}.Debug|Any CPU.ActiveCfg = Debug|Any CPU
		{4E648F58-10AC-4DBE-90F5-30048FA79A69}.Debug|Any CPU.Build.0 = Debug|Any CPU
		{4E648F58-10AC-4DBE-90F5-30048FA79A69}.Release|Any CPU.ActiveCfg = Release|Any CPU
		{4E648F58-10AC-4DBE-90F5-30048FA79A69}.Release|Any CPU.Build.0 = Release|Any CPU
	EndGlobalSection
	GlobalSection(SolutionProperties) = preSolution
		HideSolutionNode = FALSE
	EndGlobalSection
	GlobalSection(ExtensibilityGlobals) = postSolution
		SolutionGuid = {B878D70A-01D1-4E0C-B1E1-F4895C85A4D5}
	EndGlobalSection
EndGlobal
