
Microsoft Visual Studio Solution File, Format Version 12.00
# Visual Studio Version 17
VisualStudioVersion = 17.9.34728.123
MinimumVisualStudioVersion = 10.0.40219.1
Project("{FAE04EC0-301F-11D3-BF4B-00C04F79EFBC}") = "BinaryTLib", "BinaryTLib.csproj", "{4F00384D-69B1-49C5-AB01-D0BC7B285024}"
EndProject
Global
	GlobalSection(SolutionConfigurationPlatforms) = preSolution
		Debug|Any CPU = Debug|Any CPU
		Release|Any CPU = Release|Any CPU
	EndGlobalSection
	GlobalSection(ProjectConfigurationPlatforms) = postSolution
		{4F00384D-69B1-49C5-AB01-D0BC7B285024}.Debug|Any CPU.ActiveCfg = Debug|Any CPU
		{4F00384D-69B1-49C5-AB01-D0BC7B285024}.Debug|Any CPU.Build.0 = Debug|Any CPU
		{4F00384D-69B1-49C5-AB01-D0BC7B285024}.Release|Any CPU.ActiveCfg = Release|Any CPU
		{4F00384D-69B1-49C5-AB01-D0BC7B285024}.Release|Any CPU.Build.0 = Release|Any CPU
	EndGlobalSection
	GlobalSection(SolutionProperties) = preSolution
		HideSolutionNode = FALSE
	EndGlobalSection
	GlobalSection(ExtensibilityGlobals) = postSolution
		SolutionGuid = {A475C3D4-98E0-4594-967F-C7462A5965EE}
	EndGlobalSection
EndGlobal
